PODS:
  - JoyigameSDK-test (0.1.2)

DEPENDENCIES:
  - JoyigameSDK-test (= 0.1.2)

SPEC REPOS:
  https://github.com/Coke26/JoyigameSDK-test-Specs.git:
    - JoyigameSDK-test

SPEC CHECKSUMS:
  JoyigameSDK-test: 2300ed80db8f818f7ab709b0b19eff9ed30e81c6

PODFILE CHECKSUM: 0ee2fc7b82628315b932eedaf932a4f32b7fe03f

COCOAPODS: 1.16.2
